// !$*UTF8*$!
{
	archiveVersion = 1;
	classes = {
	};
	objectVersion = 48;
	objects = {

/* Begin PBXBuildFile section */
		2E9B3D65FECD51307F56DCE3 /* Pods_project.framework in Frameworks */ = {isa = PBXBuildFile; fileRef = B5A623C211348BA6B6D70C99 /* Pods_project.framework */; };
		AD550AC22198B87900CEA4C2 /* ENDSViewController.swift in Sources */ = {isa = PBXBuildFile; fileRef = AD550AC12198B87900CEA4C2 /* ENDSViewController.swift */; };
		AD6ECACA219CF96B00733B5D /* ScoreTableViewController.swift in Sources */ = {isa = PBXBuildFile; fileRef = AD6ECAC9219CF96B00733B5D /* ScoreTableViewController.swift */; };
		AD6ECACC219CFA7E00733B5D /* customCell.swift in Sources */ = {isa = PBXBuildFile; fileRef = AD6ECACB219CFA7E00733B5D /* customCell.swift */; };
		ADAE2E7B21958FF300615F42 /* AppDelegate.swift in Sources */ = {isa = PBXBuildFile; fileRef = ADAE2E7A21958FF300615F42 /* AppDelegate.swift */; };
		ADAE2E7D21958FF300615F42 /* ViewController.swift in Sources */ = {isa = PBXBuildFile; fileRef = ADAE2E7C21958FF300615F42 /* ViewController.swift */; };
		ADAE2E8021958FF300615F42 /* Main.storyboard in Resources */ = {isa = PBXBuildFile; fileRef = ADAE2E7E21958FF300615F42 /* Main.storyboard */; };
		ADAE2E8221958FF300615F42 /* Assets.xcassets in Resources */ = {isa = PBXBuildFile; fileRef = ADAE2E8121958FF300615F42 /* Assets.xcassets */; };
		ADAE2E8521958FF300615F42 /* LaunchScreen.storyboard in Resources */ = {isa = PBXBuildFile; fileRef = ADAE2E8321958FF300615F42 /* LaunchScreen.storyboard */; };
		ADAE2E8D2195927100615F42 /* GoogleService-Info.plist in Resources */ = {isa = PBXBuildFile; fileRef = ADAE2E8C2195927100615F42 /* GoogleService-Info.plist */; };
		ADAE2E8F2195F23B00615F42 /* startViewController.swift in Sources */ = {isa = PBXBuildFile; fileRef = ADAE2E8E2195F23B00615F42 /* startViewController.swift */; };
		ADB97073219CF26600362AFD /* ScoringMainViewController.swift in Sources */ = {isa = PBXBuildFile; fileRef = ADB97072219CF26600362AFD /* ScoringMainViewController.swift */; };
		B33929FC219D22E500C1C3BD /* ArrowCountViewController.swift in Sources */ = {isa = PBXBuildFile; fileRef = B33929FB219D22E500C1C3BD /* ArrowCountViewController.swift */; };
		B3F7C7A7219E513F009F0C4C /* projectUITests.swift in Sources */ = {isa = PBXBuildFile; fileRef = B3F7C7A6219E513F009F0C4C /* projectUITests.swift */; };
/* End PBXBuildFile section */

/* Begin PBXContainerItemProxy section */
		B3F7C795219E4B5E009F0C4C /* PBXContainerItemProxy */ = {
			isa = PBXContainerItemProxy;
			containerPortal = ADAE2E6F21958FF300615F42 /* Project object */;
			proxyType = 1;
			remoteGlobalIDString = ADAE2E7621958FF300615F42;
			remoteInfo = project;
		};
		B3F7C7A9219E513F009F0C4C /* PBXContainerItemProxy */ = {
			isa = PBXContainerItemProxy;
			containerPortal = ADAE2E6F21958FF300615F42 /* Project object */;
			proxyType = 1;
			remoteGlobalIDString = ADAE2E7621958FF300615F42;
			remoteInfo = project;
		};
/* End PBXContainerItemProxy section */

/* Begin PBXFileReference section */
		9E10CD870373295A682A45C6 /* Pods-project.release.xcconfig */ = {isa = PBXFileReference; includeInIndex = 1; lastKnownFileType = text.xcconfig; name = "Pods-project.release.xcconfig"; path = "Pods/Target Support Files/Pods-project/Pods-project.release.xcconfig"; sourceTree = "<group>"; };
		AD550AC12198B87900CEA4C2 /* ENDSViewController.swift */ = {isa = PBXFileReference; lastKnownFileType = sourcecode.swift; path = ENDSViewController.swift; sourceTree = "<group>"; };
		AD6ECAC9219CF96B00733B5D /* ScoreTableViewController.swift */ = {isa = PBXFileReference; fileEncoding = 4; lastKnownFileType = sourcecode.swift; path = ScoreTableViewController.swift; sourceTree = "<group>"; };
		AD6ECACB219CFA7E00733B5D /* customCell.swift */ = {isa = PBXFileReference; lastKnownFileType = sourcecode.swift; path = customCell.swift; sourceTree = "<group>"; };
		ADAE2E7721958FF300615F42 /* project.app */ = {isa = PBXFileReference; explicitFileType = wrapper.application; includeInIndex = 0; path = project.app; sourceTree = BUILT_PRODUCTS_DIR; };
		ADAE2E7A21958FF300615F42 /* AppDelegate.swift */ = {isa = PBXFileReference; lastKnownFileType = sourcecode.swift; path = AppDelegate.swift; sourceTree = "<group>"; };
		ADAE2E7C21958FF300615F42 /* ViewController.swift */ = {isa = PBXFileReference; lastKnownFileType = sourcecode.swift; path = ViewController.swift; sourceTree = "<group>"; };
		ADAE2E7F21958FF300615F42 /* Base */ = {isa = PBXFileReference; lastKnownFileType = file.storyboard; name = Base; path = Base.lproj/Main.storyboard; sourceTree = "<group>"; };
		ADAE2E8121958FF300615F42 /* Assets.xcassets */ = {isa = PBXFileReference; lastKnownFileType = folder.assetcatalog; path = Assets.xcassets; sourceTree = "<group>"; };
		ADAE2E8421958FF300615F42 /* Base */ = {isa = PBXFileReference; lastKnownFileType = file.storyboard; name = Base; path = Base.lproj/LaunchScreen.storyboard; sourceTree = "<group>"; };
		ADAE2E8621958FF300615F42 /* Info.plist */ = {isa = PBXFileReference; lastKnownFileType = text.plist.xml; path = Info.plist; sourceTree = "<group>"; };
		ADAE2E8C2195927100615F42 /* GoogleService-Info.plist */ = {isa = PBXFileReference; fileEncoding = 4; lastKnownFileType = text.plist.xml; path = "GoogleService-Info.plist"; sourceTree = "<group>"; };
		ADAE2E8E2195F23B00615F42 /* startViewController.swift */ = {isa = PBXFileReference; lastKnownFileType = sourcecode.swift; path = startViewController.swift; sourceTree = "<group>"; };
		ADB97072219CF26600362AFD /* ScoringMainViewController.swift */ = {isa = PBXFileReference; lastKnownFileType = sourcecode.swift; path = ScoringMainViewController.swift; sourceTree = "<group>"; };
		B33929FB219D22E500C1C3BD /* ArrowCountViewController.swift */ = {isa = PBXFileReference; lastKnownFileType = sourcecode.swift; path = ArrowCountViewController.swift; sourceTree = "<group>"; };
		B3F7C790219E4B5E009F0C4C /* UITest.xctest */ = {isa = PBXFileReference; explicitFileType = wrapper.cfbundle; includeInIndex = 0; path = UITest.xctest; sourceTree = BUILT_PRODUCTS_DIR; };
		B3F7C7A4219E513F009F0C4C /* projectUITests.xctest */ = {isa = PBXFileReference; explicitFileType = wrapper.cfbundle; includeInIndex = 0; path = projectUITests.xctest; sourceTree = BUILT_PRODUCTS_DIR; };
		B3F7C7A6219E513F009F0C4C /* projectUITests.swift */ = {isa = PBXFileReference; lastKnownFileType = sourcecode.swift; path = projectUITests.swift; sourceTree = "<group>"; };
		B3F7C7A8219E513F009F0C4C /* Info.plist */ = {isa = PBXFileReference; lastKnownFileType = text.plist.xml; path = Info.plist; sourceTree = "<group>"; };
		B4B8DF3F66DA977EA4AEF127 /* Pods-project.debug.xcconfig */ = {isa = PBXFileReference; includeInIndex = 1; lastKnownFileType = text.xcconfig; name = "Pods-project.debug.xcconfig"; path = "Pods/Target Support Files/Pods-project/Pods-project.debug.xcconfig"; sourceTree = "<group>"; };
		B5A623C211348BA6B6D70C99 /* Pods_project.framework */ = {isa = PBXFileReference; explicitFileType = wrapper.framework; includeInIndex = 0; path = Pods_project.framework; sourceTree = BUILT_PRODUCTS_DIR; };
/* End PBXFileReference section */

/* Begin PBXFrameworksBuildPhase section */
		ADAE2E7421958FF300615F42 /* Frameworks */ = {
			isa = PBXFrameworksBuildPhase;
			buildActionMask = 2147483647;
			files = (
				2E9B3D65FECD51307F56DCE3 /* Pods_project.framework in Frameworks */,
			);
			runOnlyForDeploymentPostprocessing = 0;
		};
		B3F7C78D219E4B5E009F0C4C /* Frameworks */ = {
			isa = PBXFrameworksBuildPhase;
			buildActionMask = 2147483647;
			files = (
			);
			runOnlyForDeploymentPostprocessing = 0;
		};
		B3F7C7A1219E513F009F0C4C /* Frameworks */ = {
			isa = PBXFrameworksBuildPhase;
			buildActionMask = 2147483647;
			files = (
			);
			runOnlyForDeploymentPostprocessing = 0;
		};
/* End PBXFrameworksBuildPhase section */

/* Begin PBXGroup section */
		1EE93E1C5E491FB4032663F6 /* Pods */ = {
			isa = PBXGroup;
			children = (
				B4B8DF3F66DA977EA4AEF127 /* Pods-project.debug.xcconfig */,
				9E10CD870373295A682A45C6 /* Pods-project.release.xcconfig */,
			);
			name = Pods;
			sourceTree = "<group>";
		};
		ADAE2E6E21958FF300615F42 = {
			isa = PBXGroup;
			children = (
				ADAE2E7921958FF300615F42 /* project */,
				B3F7C7A5219E513F009F0C4C /* projectUITests */,
				ADAE2E7821958FF300615F42 /* Products */,
				1EE93E1C5E491FB4032663F6 /* Pods */,
				CC2F5B7B37DEBE6CD46CBFCB /* Frameworks */,
			);
			sourceTree = "<group>";
		};
		ADAE2E7821958FF300615F42 /* Products */ = {
			isa = PBXGroup;
			children = (
				ADAE2E7721958FF300615F42 /* project.app */,
				B3F7C790219E4B5E009F0C4C /* UITest.xctest */,
				B3F7C7A4219E513F009F0C4C /* projectUITests.xctest */,
			);
			name = Products;
			sourceTree = "<group>";
		};
		ADAE2E7921958FF300615F42 /* project */ = {
			isa = PBXGroup;
			children = (
				ADAE2E7A21958FF300615F42 /* AppDelegate.swift */,
				ADAE2E7C21958FF300615F42 /* ViewController.swift */,
				ADAE2E8E2195F23B00615F42 /* startViewController.swift */,
				AD550AC12198B87900CEA4C2 /* ENDSViewController.swift */,
				AD6ECAC9219CF96B00733B5D /* ScoreTableViewController.swift */,
				ADAE2E7E21958FF300615F42 /* Main.storyboard */,
				B33929FB219D22E500C1C3BD /* ArrowCountViewController.swift */,
				AD6ECACB219CFA7E00733B5D /* customCell.swift */,
				ADB97072219CF26600362AFD /* ScoringMainViewController.swift */,
				ADAE2E8121958FF300615F42 /* Assets.xcassets */,
				ADAE2E8321958FF300615F42 /* LaunchScreen.storyboard */,
				ADAE2E8621958FF300615F42 /* Info.plist */,
				ADAE2E8C2195927100615F42 /* GoogleService-Info.plist */,
			);
			path = project;
			sourceTree = "<group>";
		};
		B3F7C7A5219E513F009F0C4C /* projectUITests */ = {
			isa = PBXGroup;
			children = (
				B3F7C7A6219E513F009F0C4C /* projectUITests.swift */,
				B3F7C7A8219E513F009F0C4C /* Info.plist */,
			);
			path = projectUITests;
			sourceTree = "<group>";
		};
		CC2F5B7B37DEBE6CD46CBFCB /* Frameworks */ = {
			isa = PBXGroup;
			children = (
				B5A623C211348BA6B6D70C99 /* Pods_project.framework */,
			);
			name = Frameworks;
			sourceTree = "<group>";
		};
/* End PBXGroup section */

/* Begin PBXNativeTarget section */
		ADAE2E7621958FF300615F42 /* project */ = {
			isa = PBXNativeTarget;
			buildConfigurationList = ADAE2E8921958FF300615F42 /* Build configuration list for PBXNativeTarget "project" */;
			buildPhases = (
				F881E19EA30488CC52ACEDD7 /* [CP] Check Pods Manifest.lock */,
				ADAE2E7321958FF300615F42 /* Sources */,
				ADAE2E7421958FF300615F42 /* Frameworks */,
				ADAE2E7521958FF300615F42 /* Resources */,
				CB0CC051245045FB5526B550 /* [CP] Embed Pods Frameworks */,
				4A12146C3C07565F708394B5 /* [CP] Copy Pods Resources */,
			);
			buildRules = (
			);
			dependencies = (
			);
			name = project;
			productName = project;
			productReference = ADAE2E7721958FF300615F42 /* project.app */;
			productType = "com.apple.product-type.application";
		};
		B3F7C78F219E4B5E009F0C4C /* UITest */ = {
			isa = PBXNativeTarget;
			buildConfigurationList = B3F7C799219E4B5E009F0C4C /* Build configuration list for PBXNativeTarget "UITest" */;
			buildPhases = (
				B3F7C78C219E4B5E009F0C4C /* Sources */,
				B3F7C78D219E4B5E009F0C4C /* Frameworks */,
				B3F7C78E219E4B5E009F0C4C /* Resources */,
			);
			buildRules = (
			);
			dependencies = (
				B3F7C796219E4B5E009F0C4C /* PBXTargetDependency */,
			);
			name = UITest;
			productName = UITest;
			productReference = B3F7C790219E4B5E009F0C4C /* UITest.xctest */;
			productType = "com.apple.product-type.bundle.ui-testing";
		};
		B3F7C7A3219E513F009F0C4C /* projectUITests */ = {
			isa = PBXNativeTarget;
			buildConfigurationList = B3F7C7AB219E5140009F0C4C /* Build configuration list for PBXNativeTarget "projectUITests" */;
			buildPhases = (
				B3F7C7A0219E513F009F0C4C /* Sources */,
				B3F7C7A1219E513F009F0C4C /* Frameworks */,
				B3F7C7A2219E513F009F0C4C /* Resources */,
			);
			buildRules = (
			);
			dependencies = (
				B3F7C7AA219E513F009F0C4C /* PBXTargetDependency */,
			);
			name = projectUITests;
			productName = projectUITests;
			productReference = B3F7C7A4219E513F009F0C4C /* projectUITests.xctest */;
			productType = "com.apple.product-type.bundle.ui-testing";
		};
/* End PBXNativeTarget section */

/* Begin PBXProject section */
		ADAE2E6F21958FF300615F42 /* Project object */ = {
			isa = PBXProject;
			attributes = {
				LastSwiftUpdateCheck = 1010;
				LastUpgradeCheck = 0920;
				ORGANIZATIONNAME = "Chungchhay Kuoch";
				TargetAttributes = {
					ADAE2E7621958FF300615F42 = {
						CreatedOnToolsVersion = 9.2;
						ProvisioningStyle = Automatic;
					};
					B3F7C78F219E4B5E009F0C4C = {
						CreatedOnToolsVersion = 10.1;
						LastSwiftMigration = 1010;
						ProvisioningStyle = Automatic;
						TestTargetID = ADAE2E7621958FF300615F42;
					};
					B3F7C7A3219E513F009F0C4C = {
						CreatedOnToolsVersion = 10.1;
						ProvisioningStyle = Automatic;
						TestTargetID = ADAE2E7621958FF300615F42;
					};
				};
			};
			buildConfigurationList = ADAE2E7221958FF300615F42 /* Build configuration list for PBXProject "project" */;
			compatibilityVersion = "Xcode 8.0";
			developmentRegion = en;
			hasScannedForEncodings = 0;
			knownRegions = (
				en,
				Base,
			);
			mainGroup = ADAE2E6E21958FF300615F42;
			productRefGroup = ADAE2E7821958FF300615F42 /* Products */;
			projectDirPath = "";
			projectRoot = "";
			targets = (
				ADAE2E7621958FF300615F42 /* project */,
				B3F7C78F219E4B5E009F0C4C /* UITest */,
				B3F7C7A3219E513F009F0C4C /* projectUITests */,
			);
		};
/* End PBXProject section */

/* Begin PBXResourcesBuildPhase section */
		ADAE2E7521958FF300615F42 /* Resources */ = {
			isa = PBXResourcesBuildPhase;
			buildActionMask = 2147483647;
			files = (
				ADAE2E8521958FF300615F42 /* LaunchScreen.storyboard in Resources */,
				ADAE2E8D2195927100615F42 /* GoogleService-Info.plist in Resources */,
				ADAE2E8221958FF300615F42 /* Assets.xcassets in Resources */,
				ADAE2E8021958FF300615F42 /* Main.storyboard in Resources */,
			);
			runOnlyForDeploymentPostprocessing = 0;
		};
		B3F7C78E219E4B5E009F0C4C /* Resources */ = {
			isa = PBXResourcesBuildPhase;
			buildActionMask = 2147483647;
			files = (
			);
			runOnlyForDeploymentPostprocessing = 0;
		};
		B3F7C7A2219E513F009F0C4C /* Resources */ = {
			isa = PBXResourcesBuildPhase;
			buildActionMask = 2147483647;
			files = (
			);
			runOnlyForDeploymentPostprocessing = 0;
		};
/* End PBXResourcesBuildPhase section */

/* Begin PBXShellScriptBuildPhase section */
		4A12146C3C07565F708394B5 /* [CP] Copy Pods Resources */ = {
			isa = PBXShellScriptBuildPhase;
			buildActionMask = 2147483647;
			files = (
			);
			inputPaths = (
			);
			name = "[CP] Copy Pods Resources";
			outputPaths = (
			);
			runOnlyForDeploymentPostprocessing = 0;
			shellPath = /bin/sh;
			shellScript = "\"${SRCROOT}/Pods/Target Support Files/Pods-project/Pods-project-resources.sh\"\n";
			showEnvVarsInLog = 0;
		};
		CB0CC051245045FB5526B550 /* [CP] Embed Pods Frameworks */ = {
			isa = PBXShellScriptBuildPhase;
			buildActionMask = 2147483647;
			files = (
			);
			inputPaths = (
			);
			name = "[CP] Embed Pods Frameworks";
			outputPaths = (
			);
			runOnlyForDeploymentPostprocessing = 0;
			shellPath = /bin/sh;
			shellScript = "\"${SRCROOT}/Pods/Target Support Files/Pods-project/Pods-project-frameworks.sh\"\n";
			showEnvVarsInLog = 0;
		};
		F881E19EA30488CC52ACEDD7 /* [CP] Check Pods Manifest.lock */ = {
			isa = PBXShellScriptBuildPhase;
			buildActionMask = 2147483647;
			files = (
			);
			inputPaths = (
			);
			name = "[CP] Check Pods Manifest.lock";
			outputPaths = (
			);
			runOnlyForDeploymentPostprocessing = 0;
			shellPath = /bin/sh;
			shellScript = "diff \"${PODS_PODFILE_DIR_PATH}/Podfile.lock\" \"${PODS_ROOT}/Manifest.lock\" > /dev/null\nif [ $? != 0 ] ; then\n    # print error to STDERR\n    echo \"error: The sandbox is not in sync with the Podfile.lock. Run 'pod install' or update your CocoaPods installation.\" >&2\n    exit 1\nfi\n";
			showEnvVarsInLog = 0;
		};
/* End PBXShellScriptBuildPhase section */

/* Begin PBXSourcesBuildPhase section */
		ADAE2E7321958FF300615F42 /* Sources */ = {
			isa = PBXSourcesBuildPhase;
			buildActionMask = 2147483647;
			files = (
				AD550AC22198B87900CEA4C2 /* ENDSViewController.swift in Sources */,
				ADAE2E7D21958FF300615F42 /* ViewController.swift in Sources */,
				AD6ECACC219CFA7E00733B5D /* customCell.swift in Sources */,
				AD6ECACA219CF96B00733B5D /* ScoreTableViewController.swift in Sources */,
				B33929FC219D22E500C1C3BD /* ArrowCountViewController.swift in Sources */,
				ADAE2E8F2195F23B00615F42 /* startViewController.swift in Sources */,
				ADB97073219CF26600362AFD /* ScoringMainViewController.swift in Sources */,
				ADAE2E7B21958FF300615F42 /* AppDelegate.swift in Sources */,
			);
			runOnlyForDeploymentPostprocessing = 0;
		};
		B3F7C78C219E4B5E009F0C4C /* Sources */ = {
			isa = PBXSourcesBuildPhase;
			buildActionMask = 2147483647;
			files = (
			);
			runOnlyForDeploymentPostprocessing = 0;
		};
		B3F7C7A0219E513F009F0C4C /* Sources */ = {
			isa = PBXSourcesBuildPhase;
			buildActionMask = 2147483647;
			files = (
				B3F7C7A7219E513F009F0C4C /* projectUITests.swift in Sources */,
			);
			runOnlyForDeploymentPostprocessing = 0;
		};
/* End PBXSourcesBuildPhase section */

/* Begin PBXTargetDependency section */
		B3F7C796219E4B5E009F0C4C /* PBXTargetDependency */ = {
			isa = PBXTargetDependency;
			target = ADAE2E7621958FF300615F42 /* project */;
			targetProxy = B3F7C795219E4B5E009F0C4C /* PBXContainerItemProxy */;
		};
		B3F7C7AA219E513F009F0C4C /* PBXTargetDependency */ = {
			isa = PBXTargetDependency;
			target = ADAE2E7621958FF300615F42 /* project */;
			targetProxy = B3F7C7A9219E513F009F0C4C /* PBXContainerItemProxy */;
		};
/* End PBXTargetDependency section */

/* Begin PBXVariantGroup section */
		ADAE2E7E21958FF300615F42 /* Main.storyboard */ = {
			isa = PBXVariantGroup;
			children = (
				ADAE2E7F21958FF300615F42 /* Base */,
			);
			name = Main.storyboard;
			sourceTree = "<group>";
		};
		ADAE2E8321958FF300615F42 /* LaunchScreen.storyboard */ = {
			isa = PBXVariantGroup;
			children = (
				ADAE2E8421958FF300615F42 /* Base */,
			);
			name = LaunchScreen.storyboard;
			sourceTree = "<group>";
		};
/* End PBXVariantGroup section */

/* Begin XCBuildConfiguration section */
		ADAE2E8721958FF300615F42 /* Debug */ = {
			isa = XCBuildConfiguration;
			buildSettings = {
				ALWAYS_SEARCH_USER_PATHS = NO;
				CLANG_ANALYZER_NONNULL = YES;
				CLANG_ANALYZER_NUMBER_OBJECT_CONVERSION = YES_AGGRESSIVE;
				CLANG_CXX_LANGUAGE_STANDARD = "gnu++14";
				CLANG_CXX_LIBRARY = "libc++";
				CLANG_ENABLE_MODULES = YES;
				CLANG_ENABLE_OBJC_ARC = YES;
				CLANG_WARN_BLOCK_CAPTURE_AUTORELEASING = YES;
				CLANG_WARN_BOOL_CONVERSION = YES;
				CLANG_WARN_COMMA = YES;
				CLANG_WARN_CONSTANT_CONVERSION = YES;
				CLANG_WARN_DIRECT_OBJC_ISA_USAGE = YES_ERROR;
				CLANG_WARN_DOCUMENTATION_COMMENTS = YES;
				CLANG_WARN_EMPTY_BODY = YES;
				CLANG_WARN_ENUM_CONVERSION = YES;
				CLANG_WARN_INFINITE_RECURSION = YES;
				CLANG_WARN_INT_CONVERSION = YES;
				CLANG_WARN_NON_LITERAL_NULL_CONVERSION = YES;
				CLANG_WARN_OBJC_LITERAL_CONVERSION = YES;
				CLANG_WARN_OBJC_ROOT_CLASS = YES_ERROR;
				CLANG_WARN_RANGE_LOOP_ANALYSIS = YES;
				CLANG_WARN_STRICT_PROTOTYPES = YES;
				CLANG_WARN_SUSPICIOUS_MOVE = YES;
				CLANG_WARN_UNGUARDED_AVAILABILITY = YES_AGGRESSIVE;
				CLANG_WARN_UNREACHABLE_CODE = YES;
				CLANG_WARN__DUPLICATE_METHOD_MATCH = YES;
				CODE_SIGN_IDENTITY = "iPhone Developer";
				COPY_PHASE_STRIP = NO;
				DEBUG_INFORMATION_FORMAT = dwarf;
				ENABLE_STRICT_OBJC_MSGSEND = YES;
				ENABLE_TESTABILITY = YES;
				GCC_C_LANGUAGE_STANDARD = gnu11;
				GCC_DYNAMIC_NO_PIC = NO;
				GCC_NO_COMMON_BLOCKS = YES;
				GCC_OPTIMIZATION_LEVEL = 0;
				GCC_PREPROCESSOR_DEFINITIONS = (
					"DEBUG=1",
					"$(inherited)",
				);
				GCC_WARN_64_TO_32_BIT_CONVERSION = YES;
				GCC_WARN_ABOUT_RETURN_TYPE = YES_ERROR;
				GCC_WARN_UNDECLARED_SELECTOR = YES;
				GCC_WARN_UNINITIALIZED_AUTOS = YES_AGGRESSIVE;
				GCC_WARN_UNUSED_FUNCTION = YES;
				GCC_WARN_UNUSED_VARIABLE = YES;
				IPHONEOS_DEPLOYMENT_TARGET = 11.2;
				MTL_ENABLE_DEBUG_INFO = YES;
				ONLY_ACTIVE_ARCH = YES;
				SDKROOT = iphoneos;
				SWIFT_ACTIVE_COMPILATION_CONDITIONS = DEBUG;
				SWIFT_OPTIMIZATION_LEVEL = "-Onone";
			};
			name = Debug;
		};
		ADAE2E8821958FF300615F42 /* Release */ = {
			isa = XCBuildConfiguration;
			buildSettings = {
				ALWAYS_SEARCH_USER_PATHS = NO;
				CLANG_ANALYZER_NONNULL = YES;
				CLANG_ANALYZER_NUMBER_OBJECT_CONVERSION = YES_AGGRESSIVE;
				CLANG_CXX_LANGUAGE_STANDARD = "gnu++14";
				CLANG_CXX_LIBRARY = "libc++";
				CLANG_ENABLE_MODULES = YES;
				CLANG_ENABLE_OBJC_ARC = YES;
				CLANG_WARN_BLOCK_CAPTURE_AUTORELEASING = YES;
				CLANG_WARN_BOOL_CONVERSION = YES;
				CLANG_WARN_COMMA = YES;
				CLANG_WARN_CONSTANT_CONVERSION = YES;
				CLANG_WARN_DIRECT_OBJC_ISA_USAGE = YES_ERROR;
				CLANG_WARN_DOCUMENTATION_COMMENTS = YES;
				CLANG_WARN_EMPTY_BODY = YES;
				CLANG_WARN_ENUM_CONVERSION = YES;
				CLANG_WARN_INFINITE_RECURSION = YES;
				CLANG_WARN_INT_CONVERSION = YES;
				CLANG_WARN_NON_LITERAL_NULL_CONVERSION = YES;
				CLANG_WARN_OBJC_LITERAL_CONVERSION = YES;
				CLANG_WARN_OBJC_ROOT_CLASS = YES_ERROR;
				CLANG_WARN_RANGE_LOOP_ANALYSIS = YES;
				CLANG_WARN_STRICT_PROTOTYPES = YES;
				CLANG_WARN_SUSPICIOUS_MOVE = YES;
				CLANG_WARN_UNGUARDED_AVAILABILITY = YES_AGGRESSIVE;
				CLANG_WARN_UNREACHABLE_CODE = YES;
				CLANG_WARN__DUPLICATE_METHOD_MATCH = YES;
				CODE_SIGN_IDENTITY = "iPhone Developer";
				COPY_PHASE_STRIP = NO;
				DEBUG_INFORMATION_FORMAT = "dwarf-with-dsym";
				ENABLE_NS_ASSERTIONS = NO;
				ENABLE_STRICT_OBJC_MSGSEND = YES;
				GCC_C_LANGUAGE_STANDARD = gnu11;
				GCC_NO_COMMON_BLOCKS = YES;
				GCC_WARN_64_TO_32_BIT_CONVERSION = YES;
				GCC_WARN_ABOUT_RETURN_TYPE = YES_ERROR;
				GCC_WARN_UNDECLARED_SELECTOR = YES;
				GCC_WARN_UNINITIALIZED_AUTOS = YES_AGGRESSIVE;
				GCC_WARN_UNUSED_FUNCTION = YES;
				GCC_WARN_UNUSED_VARIABLE = YES;
				IPHONEOS_DEPLOYMENT_TARGET = 11.2;
				MTL_ENABLE_DEBUG_INFO = NO;
				SDKROOT = iphoneos;
				SWIFT_OPTIMIZATION_LEVEL = "-Owholemodule";
				VALIDATE_PRODUCT = YES;
			};
			name = Release;
		};
		ADAE2E8A21958FF300615F42 /* Debug */ = {
			isa = XCBuildConfiguration;
			baseConfigurationReference = B4B8DF3F66DA977EA4AEF127 /* Pods-project.debug.xcconfig */;
			buildSettings = {
				ASSETCATALOG_COMPILER_APPICON_NAME = AppIcon;
				CODE_SIGN_STYLE = Automatic;
				DEVELOPMENT_TEAM = PKVX868TJY;
				INFOPLIST_FILE = project/Info.plist;
				LD_RUNPATH_SEARCH_PATHS = "$(inherited) @executable_path/Frameworks";
				PRODUCT_BUNDLE_IDENTIFIER = com.project123;
				PRODUCT_NAME = "$(TARGET_NAME)";
				SWIFT_VERSION = 4.0;
				TARGETED_DEVICE_FAMILY = "1,2";
			};
			name = Debug;
		};
		ADAE2E8B21958FF300615F42 /* Release */ = {
			isa = XCBuildConfiguration;
			baseConfigurationReference = 9E10CD870373295A682A45C6 /* Pods-project.release.xcconfig */;
			buildSettings = {
				ASSETCATALOG_COMPILER_APPICON_NAME = AppIcon;
				CODE_SIGN_STYLE = Automatic;
				DEVELOPMENT_TEAM = PKVX868TJY;
				ENABLE_TESTABILITY = YES;
				INFOPLIST_FILE = project/Info.plist;
				LD_RUNPATH_SEARCH_PATHS = "$(inherited) @executable_path/Frameworks";
				PRODUCT_BUNDLE_IDENTIFIER = com.project123;
				PRODUCT_NAME = "$(TARGET_NAME)";
				SWIFT_VERSION = 4.0;
				TARGETED_DEVICE_FAMILY = "1,2";
			};
			name = Release;
		};
		B3F7C797219E4B5E009F0C4C /* Debug */ = {
			isa = XCBuildConfiguration;
			buildSettings = {
				CLANG_ENABLE_MODULES = YES;
				CLANG_ENABLE_OBJC_WEAK = YES;
				CLANG_WARN_DEPRECATED_OBJC_IMPLEMENTATIONS = YES;
				CLANG_WARN_OBJC_IMPLICIT_RETAIN_SELF = YES;
				CODE_SIGN_STYLE = Automatic;
				INFOPLIST_FILE = UITest/Info.plist;
				IPHONEOS_DEPLOYMENT_TARGET = 12.1;
				LD_RUNPATH_SEARCH_PATHS = "$(inherited) @executable_path/Frameworks @loader_path/Frameworks";
				MTL_ENABLE_DEBUG_INFO = INCLUDE_SOURCE;
				MTL_FAST_MATH = YES;
				PRODUCT_BUNDLE_IDENTIFIER = nock.UITest;
				PRODUCT_NAME = "$(TARGET_NAME)";
				SWIFT_OPTIMIZATION_LEVEL = "-Onone";
				SWIFT_VERSION = 4.2;
				TARGETED_DEVICE_FAMILY = "1,2";
				TEST_TARGET_NAME = project;
			};
			name = Debug;
		};
		B3F7C798219E4B5E009F0C4C /* Release */ = {
			isa = XCBuildConfiguration;
			buildSettings = {
				CLANG_ENABLE_MODULES = YES;
				CLANG_ENABLE_OBJC_WEAK = YES;
				CLANG_WARN_DEPRECATED_OBJC_IMPLEMENTATIONS = YES;
				CLANG_WARN_OBJC_IMPLICIT_RETAIN_SELF = YES;
				CODE_SIGN_STYLE = Automatic;
				INFOPLIST_FILE = UITest/Info.plist;
				IPHONEOS_DEPLOYMENT_TARGET = 12.1;
				LD_RUNPATH_SEARCH_PATHS = "$(inherited) @executable_path/Frameworks @loader_path/Frameworks";
				MTL_FAST_MATH = YES;
				PRODUCT_BUNDLE_IDENTIFIER = nock.UITest;
				PRODUCT_NAME = "$(TARGET_NAME)";
				SWIFT_VERSION = 4.2;
				TARGETED_DEVICE_FAMILY = "1,2";
				TEST_TARGET_NAME = project;
			};
			name = Release;
		};
		B3F7C7AC219E5140009F0C4C /* Debug */ = {
			isa = XCBuildConfiguration;
			buildSettings = {
				CLANG_ENABLE_OBJC_WEAK = YES;
				CLANG_WARN_DEPRECATED_OBJC_IMPLEMENTATIONS = YES;
				CLANG_WARN_OBJC_IMPLICIT_RETAIN_SELF = YES;
				CODE_SIGN_STYLE = Automatic;
				INFOPLIST_FILE = projectUITests/Info.plist;
				IPHONEOS_DEPLOYMENT_TARGET = 12.1;
				LD_RUNPATH_SEARCH_PATHS = "$(inherited) @executable_path/Frameworks @loader_path/Frameworks";
				MTL_ENABLE_DEBUG_INFO = INCLUDE_SOURCE;
				MTL_FAST_MATH = YES;
				PRODUCT_BUNDLE_IDENTIFIER = nock.projectUITests;
				PRODUCT_NAME = "$(TARGET_NAME)";
				SWIFT_VERSION = 4.2;
				TARGETED_DEVICE_FAMILY = "1,2";
				TEST_TARGET_NAME = project;
			};
			name = Debug;
		};
		B3F7C7AD219E5140009F0C4C /* Release */ = {
			isa = XCBuildConfiguration;
			buildSettings = {
				CLANG_ENABLE_OBJC_WEAK = YES;
				CLANG_WARN_DEPRECATED_OBJC_IMPLEMENTATIONS = YES;
				CLANG_WARN_OBJC_IMPLICIT_RETAIN_SELF = YES;
				CODE_SIGN_STYLE = Automatic;
				INFOPLIST_FILE = projectUITests/Info.plist;
				IPHONEOS_DEPLOYMENT_TARGET = 12.1;
				LD_RUNPATH_SEARCH_PATHS = "$(inherited) @executable_path/Frameworks @loader_path/Frameworks";
				MTL_FAST_MATH = YES;
				PRODUCT_BUNDLE_IDENTIFIER = nock.projectUITests;
				PRODUCT_NAME = "$(TARGET_NAME)";
				SWIFT_VERSION = 4.2;
				TARGETED_DEVICE_FAMILY = "1,2";
				TEST_TARGET_NAME = project;
			};
			name = Release;
		};
/* End XCBuildConfiguration section */

/* Begin XCConfigurationList section */
		ADAE2E7221958FF300615F42 /* Build configuration list for PBXProject "project" */ = {
			isa = XCConfigurationList;
			buildConfigurations = (
				ADAE2E8721958FF300615F42 /* Debug */,
				ADAE2E8821958FF300615F42 /* Release */,
			);
			defaultConfigurationIsVisible = 0;
			defaultConfigurationName = Release;
		};
		ADAE2E8921958FF300615F42 /* Build configuration list for PBXNativeTarget "project" */ = {
			isa = XCConfigurationList;
			buildConfigurations = (
				ADAE2E8A21958FF300615F42 /* Debug */,
				ADAE2E8B21958FF300615F42 /* Release */,
			);
			defaultConfigurationIsVisible = 0;
			defaultConfigurationName = Release;
		};
		B3F7C799219E4B5E009F0C4C /* Build configuration list for PBXNativeTarget "UITest" */ = {
			isa = XCConfigurationList;
			buildConfigurations = (
				B3F7C797219E4B5E009F0C4C /* Debug */,
				B3F7C798219E4B5E009F0C4C /* Release */,
			);
			defaultConfigurationIsVisible = 0;
			defaultConfigurationName = Release;
		};
		B3F7C7AB219E5140009F0C4C /* Build configuration list for PBXNativeTarget "projectUITests" */ = {
			isa = XCConfigurationList;
			buildConfigurations = (
				B3F7C7AC219E5140009F0C4C /* Debug */,
				B3F7C7AD219E5140009F0C4C /* Release */,
			);
			defaultConfigurationIsVisible = 0;
			defaultConfigurationName = Release;
		};
/* End XCConfigurationList section */
	};
	rootObject = ADAE2E6F21958FF300615F42 /* Project object */;
}
